
Microsoft Visual Studio Solution File, Format Version 12.00
# Visual Studio 14
VisualStudioVersion = 14.0.25420.1
MinimumVisualStudioVersion = 10.0.40219.1
Project("{FAE04EC0-301F-11D3-BF4B-00C04F79EFBC}") = "SmartCardDesc", "SmartCardDesc\SmartCardDesc.csproj", "{5A310670-6963-46E8-80FA-1D7940505634}"
EndProject
Project("{8BC9CEB8-8B4A-11D0-8D11-00A0C91BC942}") = "CardRSA_API", "..\ClassLibrary1\ClassLibrary1\ClassLibrary1.vcxproj", "{A82DAF31-8264-4735-A896-D6A025952A6C}"
EndProject
Project("{FAE04EC0-301F-11D3-BF4B-00C04F79EFBC}") = "SC_CertificateCALib", "SC_CertificateCALib\SC_CertificateCALib.csproj", "{6051FE06-920A-422D-9067-588CDB868620}"
EndProject
Project("{FAE04EC0-301F-11D3-BF4B-00C04F79EFBC}") = "SC_CertificateCALibTest", "SC_CertificateCALibTest\SC_CertificateCALibTest.csproj", "{E4ACF571-8E40-4FDC-9546-8FD3E4C3BEC9}"
EndProject
Project("{FAE04EC0-301F-11D3-BF4B-00C04F79EFBC}") = "DesktopListener", "DesktopListener\DesktopListener.csproj", "{139E307A-51BF-4608-A088-311DFA4BC8C7}"
EndProject
Project("{FAE04EC0-301F-11D3-BF4B-00C04F79EFBC}") = "InterActionProtocols", "InterActionProtocols\InterActionProtocols.csproj", "{0F10B9FC-62CC-4D35-B67A-C10AFB4B3BAF}"
EndProject
Project("{FAE04EC0-301F-11D3-BF4B-00C04F79EFBC}") = "ListenerDecktop", "ListenerDecktop\ListenerDecktop\ListenerDecktop\ListenerDecktop.csproj", "{91EDACD3-EA74-45F9-8EF5-7ED4515B0724}"
EndProject
Project("{FAE04EC0-301F-11D3-BF4B-00C04F79EFBC}") = "TcpClient", "TcpClient\TcpClient\TcpClient\TcpClient.csproj", "{C1359374-ABF5-42D5-A7F1-1C4BA2B95D9B}"
EndProject
Project("{FAE04EC0-301F-11D3-BF4B-00C04F79EFBC}") = "ListenerDescTester", "ListenerDescTester\ListenerDescTester.csproj", "{5A216562-BA50-457B-AB46-D876FF8C780C}"
EndProject
Project("{FAE04EC0-301F-11D3-BF4B-00C04F79EFBC}") = "CardAPILib", "CardAPILib\CardAPILib.csproj", "{58B50B8C-7903-4334-8969-9A47575622DE}"
EndProject
Project("{FAE04EC0-301F-11D3-BF4B-00C04F79EFBC}") = "CardApiLibTest", "CardApiLibTest\CardApiLibTest.csproj", "{39DD3800-8FA9-42B5-B61B-CEC79939FC6B}"
EndProject
Project("{FAE04EC0-301F-11D3-BF4B-00C04F79EFBC}") = "WebSockets", "WebSockets\WebSockets.csproj", "{D2DBCC1D-CEF2-400B-A886-7E0D13A25F9C}"
EndProject
Project("{FAE04EC0-301F-11D3-BF4B-00C04F79EFBC}") = "GemCard", "GemCard\GemCard.csproj", "{8B10D15A-39DE-4B56-8DD1-710C1EB3A697}"
EndProject
Project("{FAE04EC0-301F-11D3-BF4B-00C04F79EFBC}") = "DemoSCFmwk", "DemoSCFmwk\DemoSCFmwk.csproj", "{8E4C80E1-E0DD-4F6F-B67B-F6DBA6210AD8}"
EndProject
Project("{FAE04EC0-301F-11D3-BF4B-00C04F79EFBC}") = "HttpsTestProj", "HttpsTestProj\HttpsTestProj.csproj", "{95776D1C-9E9C-4A5B-977C-7D24940DBF66}"
EndProject
Project("{FAE04EC0-301F-11D3-BF4B-00C04F79EFBC}") = "HttpsClient2", "HttpsClient2\HttpsClient2.csproj", "{F35E0BB1-93D4-4EB1-8D15-0D1DB7A85474}"
EndProject
Global
	GlobalSection(SolutionConfigurationPlatforms) = preSolution
		Debug|Any CPU = Debug|Any CPU
		Debug|x64 = Debug|x64
		Debug|x86 = Debug|x86
		Release|Any CPU = Release|Any CPU
		Release|x64 = Release|x64
		Release|x86 = Release|x86
	EndGlobalSection
	GlobalSection(ProjectConfigurationPlatforms) = postSolution
		{5A310670-6963-46E8-80FA-1D7940505634}.Debug|Any CPU.ActiveCfg = Debug|Any CPU
		{5A310670-6963-46E8-80FA-1D7940505634}.Debug|Any CPU.Build.0 = Debug|Any CPU
		{5A310670-6963-46E8-80FA-1D7940505634}.Debug|x64.ActiveCfg = Debug|Any CPU
		{5A310670-6963-46E8-80FA-1D7940505634}.Debug|x64.Build.0 = Debug|Any CPU
		{5A310670-6963-46E8-80FA-1D7940505634}.Debug|x86.ActiveCfg = Debug|x86
		{5A310670-6963-46E8-80FA-1D7940505634}.Debug|x86.Build.0 = Debug|x86
		{5A310670-6963-46E8-80FA-1D7940505634}.Release|Any CPU.ActiveCfg = Release|Any CPU
		{5A310670-6963-46E8-80FA-1D7940505634}.Release|Any CPU.Build.0 = Release|Any CPU
		{5A310670-6963-46E8-80FA-1D7940505634}.Release|x64.ActiveCfg = Release|Any CPU
		{5A310670-6963-46E8-80FA-1D7940505634}.Release|x64.Build.0 = Release|Any CPU
		{5A310670-6963-46E8-80FA-1D7940505634}.Release|x86.ActiveCfg = Release|x86
		{5A310670-6963-46E8-80FA-1D7940505634}.Release|x86.Build.0 = Release|x86
		{A82DAF31-8264-4735-A896-D6A025952A6C}.Debug|Any CPU.ActiveCfg = Debug|Win32
		{A82DAF31-8264-4735-A896-D6A025952A6C}.Debug|x64.ActiveCfg = Debug|x64
		{A82DAF31-8264-4735-A896-D6A025952A6C}.Debug|x64.Build.0 = Debug|x64
		{A82DAF31-8264-4735-A896-D6A025952A6C}.Debug|x86.ActiveCfg = Debug|Win32
		{A82DAF31-8264-4735-A896-D6A025952A6C}.Debug|x86.Build.0 = Debug|Win32
		{A82DAF31-8264-4735-A896-D6A025952A6C}.Release|Any CPU.ActiveCfg = Release|Win32
		{A82DAF31-8264-4735-A896-D6A025952A6C}.Release|x64.ActiveCfg = Release|x64
		{A82DAF31-8264-4735-A896-D6A025952A6C}.Release|x64.Build.0 = Release|x64
		{A82DAF31-8264-4735-A896-D6A025952A6C}.Release|x86.ActiveCfg = Release|Win32
		{A82DAF31-8264-4735-A896-D6A025952A6C}.Release|x86.Build.0 = Release|Win32
		{6051FE06-920A-422D-9067-588CDB868620}.Debug|Any CPU.ActiveCfg = Debug|Any CPU
		{6051FE06-920A-422D-9067-588CDB868620}.Debug|Any CPU.Build.0 = Debug|Any CPU
		{6051FE06-920A-422D-9067-588CDB868620}.Debug|x64.ActiveCfg = Debug|Any CPU
		{6051FE06-920A-422D-9067-588CDB868620}.Debug|x64.Build.0 = Debug|Any CPU
		{6051FE06-920A-422D-9067-588CDB868620}.Debug|x86.ActiveCfg = Debug|Any CPU
		{6051FE06-920A-422D-9067-588CDB868620}.Debug|x86.Build.0 = Debug|Any CPU
		{6051FE06-920A-422D-9067-588CDB868620}.Release|Any CPU.ActiveCfg = Release|Any CPU
		{6051FE06-920A-422D-9067-588CDB868620}.Release|Any CPU.Build.0 = Release|Any CPU
		{6051FE06-920A-422D-9067-588CDB868620}.Release|x64.ActiveCfg = Release|Any CPU
		{6051FE06-920A-422D-9067-588CDB868620}.Release|x64.Build.0 = Release|Any CPU
		{6051FE06-920A-422D-9067-588CDB868620}.Release|x86.ActiveCfg = Release|Any CPU
		{6051FE06-920A-422D-9067-588CDB868620}.Release|x86.Build.0 = Release|Any CPU
		{E4ACF571-8E40-4FDC-9546-8FD3E4C3BEC9}.Debug|Any CPU.ActiveCfg = Debug|Any CPU
		{E4ACF571-8E40-4FDC-9546-8FD3E4C3BEC9}.Debug|Any CPU.Build.0 = Debug|Any CPU
		{E4ACF571-8E40-4FDC-9546-8FD3E4C3BEC9}.Debug|x64.ActiveCfg = Debug|Any CPU
		{E4ACF571-8E40-4FDC-9546-8FD3E4C3BEC9}.Debug|x64.Build.0 = Debug|Any CPU
		{E4ACF571-8E40-4FDC-9546-8FD3E4C3BEC9}.Debug|x86.ActiveCfg = Debug|Any CPU
		{E4ACF571-8E40-4FDC-9546-8FD3E4C3BEC9}.Debug|x86.Build.0 = Debug|Any CPU
		{E4ACF571-8E40-4FDC-9546-8FD3E4C3BEC9}.Release|Any CPU.ActiveCfg = Release|Any CPU
		{E4ACF571-8E40-4FDC-9546-8FD3E4C3BEC9}.Release|Any CPU.Build.0 = Release|Any CPU
		{E4ACF571-8E40-4FDC-9546-8FD3E4C3BEC9}.Release|x64.ActiveCfg = Release|Any CPU
		{E4ACF571-8E40-4FDC-9546-8FD3E4C3BEC9}.Release|x64.Build.0 = Release|Any CPU
		{E4ACF571-8E40-4FDC-9546-8FD3E4C3BEC9}.Release|x86.ActiveCfg = Release|Any CPU
		{E4ACF571-8E40-4FDC-9546-8FD3E4C3BEC9}.Release|x86.Build.0 = Release|Any CPU
		{139E307A-51BF-4608-A088-311DFA4BC8C7}.Debug|Any CPU.ActiveCfg = Debug|Any CPU
		{139E307A-51BF-4608-A088-311DFA4BC8C7}.Debug|Any CPU.Build.0 = Debug|Any CPU
		{139E307A-51BF-4608-A088-311DFA4BC8C7}.Debug|x64.ActiveCfg = Debug|Any CPU
		{139E307A-51BF-4608-A088-311DFA4BC8C7}.Debug|x64.Build.0 = Debug|Any CPU
		{139E307A-51BF-4608-A088-311DFA4BC8C7}.Debug|x86.ActiveCfg = Debug|Any CPU
		{139E307A-51BF-4608-A088-311DFA4BC8C7}.Debug|x86.Build.0 = Debug|Any CPU
		{139E307A-51BF-4608-A088-311DFA4BC8C7}.Release|Any CPU.ActiveCfg = Release|Any CPU
		{139E307A-51BF-4608-A088-311DFA4BC8C7}.Release|Any CPU.Build.0 = Release|Any CPU
		{139E307A-51BF-4608-A088-311DFA4BC8C7}.Release|x64.ActiveCfg = Release|Any CPU
		{139E307A-51BF-4608-A088-311DFA4BC8C7}.Release|x64.Build.0 = Release|Any CPU
		{139E307A-51BF-4608-A088-311DFA4BC8C7}.Release|x86.ActiveCfg = Release|Any CPU
		{139E307A-51BF-4608-A088-311DFA4BC8C7}.Release|x86.Build.0 = Release|Any CPU
		{0F10B9FC-62CC-4D35-B67A-C10AFB4B3BAF}.Debug|Any CPU.ActiveCfg = Debug|Any CPU
		{0F10B9FC-62CC-4D35-B67A-C10AFB4B3BAF}.Debug|Any CPU.Build.0 = Debug|Any CPU
		{0F10B9FC-62CC-4D35-B67A-C10AFB4B3BAF}.Debug|x64.ActiveCfg = Debug|Any CPU
		{0F10B9FC-62CC-4D35-B67A-C10AFB4B3BAF}.Debug|x64.Build.0 = Debug|Any CPU
		{0F10B9FC-62CC-4D35-B67A-C10AFB4B3BAF}.Debug|x86.ActiveCfg = Debug|Any CPU
		{0F10B9FC-62CC-4D35-B67A-C10AFB4B3BAF}.Debug|x86.Build.0 = Debug|Any CPU
		{0F10B9FC-62CC-4D35-B67A-C10AFB4B3BAF}.Release|Any CPU.ActiveCfg = Release|Any CPU
		{0F10B9FC-62CC-4D35-B67A-C10AFB4B3BAF}.Release|Any CPU.Build.0 = Release|Any CPU
		{0F10B9FC-62CC-4D35-B67A-C10AFB4B3BAF}.Release|x64.ActiveCfg = Release|Any CPU
		{0F10B9FC-62CC-4D35-B67A-C10AFB4B3BAF}.Release|x64.Build.0 = Release|Any CPU
		{0F10B9FC-62CC-4D35-B67A-C10AFB4B3BAF}.Release|x86.ActiveCfg = Release|Any CPU
		{0F10B9FC-62CC-4D35-B67A-C10AFB4B3BAF}.Release|x86.Build.0 = Release|Any CPU
		{91EDACD3-EA74-45F9-8EF5-7ED4515B0724}.Debug|Any CPU.ActiveCfg = Debug|Any CPU
		{91EDACD3-EA74-45F9-8EF5-7ED4515B0724}.Debug|Any CPU.Build.0 = Debug|Any CPU
		{91EDACD3-EA74-45F9-8EF5-7ED4515B0724}.Debug|x64.ActiveCfg = Debug|Any CPU
		{91EDACD3-EA74-45F9-8EF5-7ED4515B0724}.Debug|x64.Build.0 = Debug|Any CPU
		{91EDACD3-EA74-45F9-8EF5-7ED4515B0724}.Debug|x86.ActiveCfg = Debug|Any CPU
		{91EDACD3-EA74-45F9-8EF5-7ED4515B0724}.Debug|x86.Build.0 = Debug|Any CPU
		{91EDACD3-EA74-45F9-8EF5-7ED4515B0724}.Release|Any CPU.ActiveCfg = Release|Any CPU
		{91EDACD3-EA74-45F9-8EF5-7ED4515B0724}.Release|Any CPU.Build.0 = Release|Any CPU
		{91EDACD3-EA74-45F9-8EF5-7ED4515B0724}.Release|x64.ActiveCfg = Release|Any CPU
		{91EDACD3-EA74-45F9-8EF5-7ED4515B0724}.Release|x64.Build.0 = Release|Any CPU
		{91EDACD3-EA74-45F9-8EF5-7ED4515B0724}.Release|x86.ActiveCfg = Release|Any CPU
		{91EDACD3-EA74-45F9-8EF5-7ED4515B0724}.Release|x86.Build.0 = Release|Any CPU
		{C1359374-ABF5-42D5-A7F1-1C4BA2B95D9B}.Debug|Any CPU.ActiveCfg = Debug|x86
		{C1359374-ABF5-42D5-A7F1-1C4BA2B95D9B}.Debug|x64.ActiveCfg = Debug|x86
		{C1359374-ABF5-42D5-A7F1-1C4BA2B95D9B}.Debug|x86.ActiveCfg = Debug|x86
		{C1359374-ABF5-42D5-A7F1-1C4BA2B95D9B}.Debug|x86.Build.0 = Debug|x86
		{C1359374-ABF5-42D5-A7F1-1C4BA2B95D9B}.Release|Any CPU.ActiveCfg = Release|x86
		{C1359374-ABF5-42D5-A7F1-1C4BA2B95D9B}.Release|x64.ActiveCfg = Release|x86
		{C1359374-ABF5-42D5-A7F1-1C4BA2B95D9B}.Release|x86.ActiveCfg = Release|x86
		{C1359374-ABF5-42D5-A7F1-1C4BA2B95D9B}.Release|x86.Build.0 = Release|x86
		{5A216562-BA50-457B-AB46-D876FF8C780C}.Debug|Any CPU.ActiveCfg = Debug|Any CPU
		{5A216562-BA50-457B-AB46-D876FF8C780C}.Debug|Any CPU.Build.0 = Debug|Any CPU
		{5A216562-BA50-457B-AB46-D876FF8C780C}.Debug|x64.ActiveCfg = Debug|Any CPU
		{5A216562-BA50-457B-AB46-D876FF8C780C}.Debug|x64.Build.0 = Debug|Any CPU
		{5A216562-BA50-457B-AB46-D876FF8C780C}.Debug|x86.ActiveCfg = Debug|Any CPU
		{5A216562-BA50-457B-AB46-D876FF8C780C}.Debug|x86.Build.0 = Debug|Any CPU
		{5A216562-BA50-457B-AB46-D876FF8C780C}.Release|Any CPU.ActiveCfg = Release|Any CPU
		{5A216562-BA50-457B-AB46-D876FF8C780C}.Release|Any CPU.Build.0 = Release|Any CPU
		{5A216562-BA50-457B-AB46-D876FF8C780C}.Release|x64.ActiveCfg = Release|Any CPU
		{5A216562-BA50-457B-AB46-D876FF8C780C}.Release|x64.Build.0 = Release|Any CPU
		{5A216562-BA50-457B-AB46-D876FF8C780C}.Release|x86.ActiveCfg = Release|Any CPU
		{5A216562-BA50-457B-AB46-D876FF8C780C}.Release|x86.Build.0 = Release|Any CPU
		{58B50B8C-7903-4334-8969-9A47575622DE}.Debug|Any CPU.ActiveCfg = Debug|Any CPU
		{58B50B8C-7903-4334-8969-9A47575622DE}.Debug|Any CPU.Build.0 = Debug|Any CPU
		{58B50B8C-7903-4334-8969-9A47575622DE}.Debug|x64.ActiveCfg = Debug|Any CPU
		{58B50B8C-7903-4334-8969-9A47575622DE}.Debug|x64.Build.0 = Debug|Any CPU
		{58B50B8C-7903-4334-8969-9A47575622DE}.Debug|x86.ActiveCfg = Debug|Any CPU
		{58B50B8C-7903-4334-8969-9A47575622DE}.Debug|x86.Build.0 = Debug|Any CPU
		{58B50B8C-7903-4334-8969-9A47575622DE}.Release|Any CPU.ActiveCfg = Release|Any CPU
		{58B50B8C-7903-4334-8969-9A47575622DE}.Release|Any CPU.Build.0 = Release|Any CPU
		{58B50B8C-7903-4334-8969-9A47575622DE}.Release|x64.ActiveCfg = Release|Any CPU
		{58B50B8C-7903-4334-8969-9A47575622DE}.Release|x64.Build.0 = Release|Any CPU
		{58B50B8C-7903-4334-8969-9A47575622DE}.Release|x86.ActiveCfg = Release|Any CPU
		{58B50B8C-7903-4334-8969-9A47575622DE}.Release|x86.Build.0 = Release|Any CPU
		{39DD3800-8FA9-42B5-B61B-CEC79939FC6B}.Debug|Any CPU.ActiveCfg = Debug|Any CPU
		{39DD3800-8FA9-42B5-B61B-CEC79939FC6B}.Debug|Any CPU.Build.0 = Debug|Any CPU
		{39DD3800-8FA9-42B5-B61B-CEC79939FC6B}.Debug|x64.ActiveCfg = Debug|Any CPU
		{39DD3800-8FA9-42B5-B61B-CEC79939FC6B}.Debug|x64.Build.0 = Debug|Any CPU
		{39DD3800-8FA9-42B5-B61B-CEC79939FC6B}.Debug|x86.ActiveCfg = Debug|Any CPU
		{39DD3800-8FA9-42B5-B61B-CEC79939FC6B}.Debug|x86.Build.0 = Debug|Any CPU
		{39DD3800-8FA9-42B5-B61B-CEC79939FC6B}.Release|Any CPU.ActiveCfg = Release|Any CPU
		{39DD3800-8FA9-42B5-B61B-CEC79939FC6B}.Release|Any CPU.Build.0 = Release|Any CPU
		{39DD3800-8FA9-42B5-B61B-CEC79939FC6B}.Release|x64.ActiveCfg = Release|Any CPU
		{39DD3800-8FA9-42B5-B61B-CEC79939FC6B}.Release|x64.Build.0 = Release|Any CPU
		{39DD3800-8FA9-42B5-B61B-CEC79939FC6B}.Release|x86.ActiveCfg = Release|Any CPU
		{39DD3800-8FA9-42B5-B61B-CEC79939FC6B}.Release|x86.Build.0 = Release|Any CPU
		{D2DBCC1D-CEF2-400B-A886-7E0D13A25F9C}.Debug|Any CPU.ActiveCfg = Debug|Any CPU
		{D2DBCC1D-CEF2-400B-A886-7E0D13A25F9C}.Debug|Any CPU.Build.0 = Debug|Any CPU
		{D2DBCC1D-CEF2-400B-A886-7E0D13A25F9C}.Debug|x64.ActiveCfg = Debug|Any CPU
		{D2DBCC1D-CEF2-400B-A886-7E0D13A25F9C}.Debug|x64.Build.0 = Debug|Any CPU
		{D2DBCC1D-CEF2-400B-A886-7E0D13A25F9C}.Debug|x86.ActiveCfg = Debug|Any CPU
		{D2DBCC1D-CEF2-400B-A886-7E0D13A25F9C}.Debug|x86.Build.0 = Debug|Any CPU
		{D2DBCC1D-CEF2-400B-A886-7E0D13A25F9C}.Release|Any CPU.ActiveCfg = Release|Any CPU
		{D2DBCC1D-CEF2-400B-A886-7E0D13A25F9C}.Release|Any CPU.Build.0 = Release|Any CPU
		{D2DBCC1D-CEF2-400B-A886-7E0D13A25F9C}.Release|x64.ActiveCfg = Release|Any CPU
		{D2DBCC1D-CEF2-400B-A886-7E0D13A25F9C}.Release|x64.Build.0 = Release|Any CPU
		{D2DBCC1D-CEF2-400B-A886-7E0D13A25F9C}.Release|x86.ActiveCfg = Release|Any CPU
		{D2DBCC1D-CEF2-400B-A886-7E0D13A25F9C}.Release|x86.Build.0 = Release|Any CPU
		{8B10D15A-39DE-4B56-8DD1-710C1EB3A697}.Debug|Any CPU.ActiveCfg = Debug|Any CPU
		{8B10D15A-39DE-4B56-8DD1-710C1EB3A697}.Debug|Any CPU.Build.0 = Debug|Any CPU
		{8B10D15A-39DE-4B56-8DD1-710C1EB3A697}.Debug|x64.ActiveCfg = Debug|x64
		{8B10D15A-39DE-4B56-8DD1-710C1EB3A697}.Debug|x64.Build.0 = Debug|x64
		{8B10D15A-39DE-4B56-8DD1-710C1EB3A697}.Debug|x86.ActiveCfg = Debug|x86
		{8B10D15A-39DE-4B56-8DD1-710C1EB3A697}.Debug|x86.Build.0 = Debug|x86
		{8B10D15A-39DE-4B56-8DD1-710C1EB3A697}.Release|Any CPU.ActiveCfg = Release|Any CPU
		{8B10D15A-39DE-4B56-8DD1-710C1EB3A697}.Release|Any CPU.Build.0 = Release|Any CPU
		{8B10D15A-39DE-4B56-8DD1-710C1EB3A697}.Release|x64.ActiveCfg = Release|x64
		{8B10D15A-39DE-4B56-8DD1-710C1EB3A697}.Release|x64.Build.0 = Release|x64
		{8B10D15A-39DE-4B56-8DD1-710C1EB3A697}.Release|x86.ActiveCfg = Release|x86
		{8B10D15A-39DE-4B56-8DD1-710C1EB3A697}.Release|x86.Build.0 = Release|x86
		{8E4C80E1-E0DD-4F6F-B67B-F6DBA6210AD8}.Debug|Any CPU.ActiveCfg = Debug|Any CPU
		{8E4C80E1-E0DD-4F6F-B67B-F6DBA6210AD8}.Debug|Any CPU.Build.0 = Debug|Any CPU
		{8E4C80E1-E0DD-4F6F-B67B-F6DBA6210AD8}.Debug|x64.ActiveCfg = Debug|x64
		{8E4C80E1-E0DD-4F6F-B67B-F6DBA6210AD8}.Debug|x64.Build.0 = Debug|x64
		{8E4C80E1-E0DD-4F6F-B67B-F6DBA6210AD8}.Debug|x86.ActiveCfg = Debug|x86
		{8E4C80E1-E0DD-4F6F-B67B-F6DBA6210AD8}.Debug|x86.Build.0 = Debug|x86
		{8E4C80E1-E0DD-4F6F-B67B-F6DBA6210AD8}.Release|Any CPU.ActiveCfg = Release|Any CPU
		{8E4C80E1-E0DD-4F6F-B67B-F6DBA6210AD8}.Release|Any CPU.Build.0 = Release|Any CPU
		{8E4C80E1-E0DD-4F6F-B67B-F6DBA6210AD8}.Release|x64.ActiveCfg = Release|x64
		{8E4C80E1-E0DD-4F6F-B67B-F6DBA6210AD8}.Release|x64.Build.0 = Release|x64
		{8E4C80E1-E0DD-4F6F-B67B-F6DBA6210AD8}.Release|x86.ActiveCfg = Release|x86
		{8E4C80E1-E0DD-4F6F-B67B-F6DBA6210AD8}.Release|x86.Build.0 = Release|x86
		{95776D1C-9E9C-4A5B-977C-7D24940DBF66}.Debug|Any CPU.ActiveCfg = Debug|Any CPU
		{95776D1C-9E9C-4A5B-977C-7D24940DBF66}.Debug|Any CPU.Build.0 = Debug|Any CPU
		{95776D1C-9E9C-4A5B-977C-7D24940DBF66}.Debug|x64.ActiveCfg = Debug|Any CPU
		{95776D1C-9E9C-4A5B-977C-7D24940DBF66}.Debug|x64.Build.0 = Debug|Any CPU
		{95776D1C-9E9C-4A5B-977C-7D24940DBF66}.Debug|x86.ActiveCfg = Debug|Any CPU
		{95776D1C-9E9C-4A5B-977C-7D24940DBF66}.Debug|x86.Build.0 = Debug|Any CPU
		{95776D1C-9E9C-4A5B-977C-7D24940DBF66}.Release|Any CPU.ActiveCfg = Release|Any CPU
		{95776D1C-9E9C-4A5B-977C-7D24940DBF66}.Release|Any CPU.Build.0 = Release|Any CPU
		{95776D1C-9E9C-4A5B-977C-7D24940DBF66}.Release|x64.ActiveCfg = Release|Any CPU
		{95776D1C-9E9C-4A5B-977C-7D24940DBF66}.Release|x64.Build.0 = Release|Any CPU
		{95776D1C-9E9C-4A5B-977C-7D24940DBF66}.Release|x86.ActiveCfg = Release|Any CPU
		{95776D1C-9E9C-4A5B-977C-7D24940DBF66}.Release|x86.Build.0 = Release|Any CPU
		{F35E0BB1-93D4-4EB1-8D15-0D1DB7A85474}.Debug|Any CPU.ActiveCfg = Debug|Any CPU
		{F35E0BB1-93D4-4EB1-8D15-0D1DB7A85474}.Debug|Any CPU.Build.0 = Debug|Any CPU
		{F35E0BB1-93D4-4EB1-8D15-0D1DB7A85474}.Debug|x64.ActiveCfg = Debug|Any CPU
		{F35E0BB1-93D4-4EB1-8D15-0D1DB7A85474}.Debug|x64.Build.0 = Debug|Any CPU
		{F35E0BB1-93D4-4EB1-8D15-0D1DB7A85474}.Debug|x86.ActiveCfg = Debug|Any CPU
		{F35E0BB1-93D4-4EB1-8D15-0D1DB7A85474}.Debug|x86.Build.0 = Debug|Any CPU
		{F35E0BB1-93D4-4EB1-8D15-0D1DB7A85474}.Release|Any CPU.ActiveCfg = Release|Any CPU
		{F35E0BB1-93D4-4EB1-8D15-0D1DB7A85474}.Release|Any CPU.Build.0 = Release|Any CPU
		{F35E0BB1-93D4-4EB1-8D15-0D1DB7A85474}.Release|x64.ActiveCfg = Release|Any CPU
		{F35E0BB1-93D4-4EB1-8D15-0D1DB7A85474}.Release|x64.Build.0 = Release|Any CPU
		{F35E0BB1-93D4-4EB1-8D15-0D1DB7A85474}.Release|x86.ActiveCfg = Release|Any CPU
		{F35E0BB1-93D4-4EB1-8D15-0D1DB7A85474}.Release|x86.Build.0 = Release|Any CPU
	EndGlobalSection
	GlobalSection(SolutionProperties) = preSolution
		HideSolutionNode = FALSE
	EndGlobalSection
EndGlobal
